
Microsoft Visual Studio Solution File, Format Version 12.00
# Visual Studio Version 17
VisualStudioVersion = 17.0.31903.59
MinimumVisualStudioVersion = 10.0.40219.1
Project("{2150E333-8FDC-42A3-9474-1A3956D46DE8}") = "FrontEnd", "FrontEnd", "{65CD539F-1A1C-4502-B77F-CCDBBDA2D6C7}"
EndProject
Project("{2150E333-8FDC-42A3-9474-1A3956D46DE8}") = "Services", "Services", "{93E83C22-8EFD-492C-B3D2-5439EF5CF7D2}"
EndProject
Project("{FAE04EC0-301F-11D3-BF4B-00C04F79EFBC}") = "Jacko.Services.CouponAPI", "Services\Jacko.Services.CouponAPI\Jacko.Services.CouponAPI.csproj", "{8553BE1A-BD9F-4C84-B8D1-D161D05CCE4B}"
EndProject
Project("{FAE04EC0-301F-11D3-BF4B-00C04F79EFBC}") = "Jacko.Services.ProductAPI", "Services\Jacko.Services.ProductAPI\Jacko.Services.ProductAPI.csproj", "{67140359-5C03-4DCC-B08B-A2715EECD9EA}"
EndProject
Project("{FAE04EC0-301F-11D3-BF4B-00C04F79EFBC}") = "Jacko.Services.AuthAPI", "Services\Jacko.Services.AuthAPI\Jacko.Services.AuthAPI.csproj", "{E5C8FFF3-1FAA-4B75-A3EF-46AAA58B9161}"
EndProject
Project("{FAE04EC0-301F-11D3-BF4B-00C04F79EFBC}") = "Jacko.Web", "FrontEnd\Jacko.Web\Jacko.Web.csproj", "{0EB34B82-3F53-4CAF-9FDE-D8C9AD993C38}"
EndProject
Project("{FAE04EC0-301F-11D3-BF4B-00C04F79EFBC}") = "Jacko.Services.SampleAuth", "Services\Jacko.Services.SampleAuth\Jacko.Services.SampleAuth.csproj", "{F0053A22-CF95-49EF-8D74-19E67BFDAC61}"
EndProject
Project("{FAE04EC0-301F-11D3-BF4B-00C04F79EFBC}") = "Jacko.Services.ShoppingCartAPI", "Services\Jacko.Services.ShoppingCartAPI\Jacko.Services.ShoppingCartAPI.csproj", "{87F1B824-128E-4FFA-BF74-E6280450D7C1}"
EndProject
Project("{FAE04EC0-301F-11D3-BF4B-00C04F79EFBC}") = "Jacko.Services.OrderAPI", "Services\Jacko.Services.OrderAPI\Jacko.Services.OrderAPI.csproj", "{3192EEAB-6BEC-43EB-BE1E-4B03CABB70CD}"
EndProject
Project("{FAE04EC0-301F-11D3-BF4B-00C04F79EFBC}") = "Jacko.Services.RewardAPI", "Services\Jacko.Services.RewardAPI\Jacko.Services.RewardAPI.csproj", "{6713822C-C9E2-4A8F-BF35-BC812D25E857}"
EndProject
Project("{FAE04EC0-301F-11D3-BF4B-00C04F79EFBC}") = "Jacko.Services.EmailAPI", "Services\Jacko.Services.EmailAPI\Jacko.Services.EmailAPI.csproj", "{3A70903A-83E3-4CDB-A939-6BC77802925A}"
EndProject
Project("{2150E333-8FDC-42A3-9474-1A3956D46DE8}") = "Integration", "Integration", "{0039FF79-47A4-49E7-A064-20A4590291BD}"
EndProject
Project("{FAE04EC0-301F-11D3-BF4B-00C04F79EFBC}") = "Jacko.MessageBus", "Integration\MessageBus\Jacko.MessageBus.csproj", "{B71F9D22-5829-4D74-8BCF-A7EFE9A6A9E9}"
EndProject
Project("{2150E333-8FDC-42A3-9474-1A3956D46DE8}") = "Gateway", "Gateway", "{A4912989-60EF-4AC1-B7C0-0671F95EDE49}"
EndProject
Project("{FAE04EC0-301F-11D3-BF4B-00C04F79EFBC}") = "Jacko.APIGateway", "Gateway\Jacko.APIGateway\Jacko.APIGateway.csproj", "{FF33E261-6F73-48E2-BF43-87AD0BD6A42B}"
EndProject
Project("{E53339B2-1760-4266-BCC7-CA923CBCF16C}") = "docker-compose", "docker-compose.dcproj", "{1A972F5C-46C0-4533-862C-20A67AC09DC1}"
EndProject
Project("{2150E333-8FDC-42A3-9474-1A3956D46DE8}") = "Tests", "Tests", "{E570ACC0-FDA2-4020-B151-41187CCC3D5A}"
EndProject
Project("{FAE04EC0-301F-11D3-BF4B-00C04F79EFBC}") = "Jacko.Services.ProductAPI.Tests", "Tests\Jacko.Services.ProductAPI.Tests\Jacko.Services.ProductAPI.Tests.csproj", "{3A5EF060-0EF0-47DA-86EA-920C08F7CDA1}"
EndProject
Project("{FAE04EC0-301F-11D3-BF4B-00C04F79EFBC}") = "Jacko.Services.ShoppingCartAPI.Tests", "Tests\Jacko.Services.ShoppingCartAPI.Tests\Jacko.Services.ShoppingCartAPI.Tests.csproj", "{D27A3D08-55A1-4A90-AC6B-A43FB2117FC8}"
EndProject
Project("{FAE04EC0-301F-11D3-BF4B-00C04F79EFBC}") = "Jacko.Services.CouponAPI.Tests", "Tests\Jacko.Services.CouponAPI.Tests\Jacko.Services.CouponAPI.Tests.csproj", "{F52727E3-C0BE-4BA4-B429-B696FA8588A5}"
EndProject
Global
	GlobalSection(SolutionConfigurationPlatforms) = preSolution
		Debug|Any CPU = Debug|Any CPU
		Release|Any CPU = Release|Any CPU
	EndGlobalSection
	GlobalSection(SolutionProperties) = preSolution
		HideSolutionNode = FALSE
	EndGlobalSection
	GlobalSection(ProjectConfigurationPlatforms) = postSolution
		{8553BE1A-BD9F-4C84-B8D1-D161D05CCE4B}.Debug|Any CPU.ActiveCfg = Debug|Any CPU
		{8553BE1A-BD9F-4C84-B8D1-D161D05CCE4B}.Debug|Any CPU.Build.0 = Debug|Any CPU
		{8553BE1A-BD9F-4C84-B8D1-D161D05CCE4B}.Release|Any CPU.ActiveCfg = Release|Any CPU
		{8553BE1A-BD9F-4C84-B8D1-D161D05CCE4B}.Release|Any CPU.Build.0 = Release|Any CPU
		{67140359-5C03-4DCC-B08B-A2715EECD9EA}.Debug|Any CPU.ActiveCfg = Debug|Any CPU
		{67140359-5C03-4DCC-B08B-A2715EECD9EA}.Debug|Any CPU.Build.0 = Debug|Any CPU
		{67140359-5C03-4DCC-B08B-A2715EECD9EA}.Release|Any CPU.ActiveCfg = Release|Any CPU
		{67140359-5C03-4DCC-B08B-A2715EECD9EA}.Release|Any CPU.Build.0 = Release|Any CPU
		{E5C8FFF3-1FAA-4B75-A3EF-46AAA58B9161}.Debug|Any CPU.ActiveCfg = Debug|Any CPU
		{E5C8FFF3-1FAA-4B75-A3EF-46AAA58B9161}.Debug|Any CPU.Build.0 = Debug|Any CPU
		{E5C8FFF3-1FAA-4B75-A3EF-46AAA58B9161}.Release|Any CPU.ActiveCfg = Release|Any CPU
		{E5C8FFF3-1FAA-4B75-A3EF-46AAA58B9161}.Release|Any CPU.Build.0 = Release|Any CPU
		{0EB34B82-3F53-4CAF-9FDE-D8C9AD993C38}.Debug|Any CPU.ActiveCfg = Debug|Any CPU
		{0EB34B82-3F53-4CAF-9FDE-D8C9AD993C38}.Debug|Any CPU.Build.0 = Debug|Any CPU
		{0EB34B82-3F53-4CAF-9FDE-D8C9AD993C38}.Release|Any CPU.ActiveCfg = Release|Any CPU
		{0EB34B82-3F53-4CAF-9FDE-D8C9AD993C38}.Release|Any CPU.Build.0 = Release|Any CPU
		{F0053A22-CF95-49EF-8D74-19E67BFDAC61}.Debug|Any CPU.ActiveCfg = Debug|Any CPU
		{F0053A22-CF95-49EF-8D74-19E67BFDAC61}.Debug|Any CPU.Build.0 = Debug|Any CPU
		{F0053A22-CF95-49EF-8D74-19E67BFDAC61}.Release|Any CPU.ActiveCfg = Release|Any CPU
		{F0053A22-CF95-49EF-8D74-19E67BFDAC61}.Release|Any CPU.Build.0 = Release|Any CPU
		{87F1B824-128E-4FFA-BF74-E6280450D7C1}.Debug|Any CPU.ActiveCfg = Debug|Any CPU
		{87F1B824-128E-4FFA-BF74-E6280450D7C1}.Debug|Any CPU.Build.0 = Debug|Any CPU
		{87F1B824-128E-4FFA-BF74-E6280450D7C1}.Release|Any CPU.ActiveCfg = Release|Any CPU
		{87F1B824-128E-4FFA-BF74-E6280450D7C1}.Release|Any CPU.Build.0 = Release|Any CPU
		{3192EEAB-6BEC-43EB-BE1E-4B03CABB70CD}.Debug|Any CPU.ActiveCfg = Debug|Any CPU
		{3192EEAB-6BEC-43EB-BE1E-4B03CABB70CD}.Debug|Any CPU.Build.0 = Debug|Any CPU
		{3192EEAB-6BEC-43EB-BE1E-4B03CABB70CD}.Release|Any CPU.ActiveCfg = Release|Any CPU
		{3192EEAB-6BEC-43EB-BE1E-4B03CABB70CD}.Release|Any CPU.Build.0 = Release|Any CPU
		{6713822C-C9E2-4A8F-BF35-BC812D25E857}.Debug|Any CPU.ActiveCfg = Debug|Any CPU
		{6713822C-C9E2-4A8F-BF35-BC812D25E857}.Debug|Any CPU.Build.0 = Debug|Any CPU
		{6713822C-C9E2-4A8F-BF35-BC812D25E857}.Release|Any CPU.ActiveCfg = Release|Any CPU
		{6713822C-C9E2-4A8F-BF35-BC812D25E857}.Release|Any CPU.Build.0 = Release|Any CPU
		{3A70903A-83E3-4CDB-A939-6BC77802925A}.Debug|Any CPU.ActiveCfg = Debug|Any CPU
		{3A70903A-83E3-4CDB-A939-6BC77802925A}.Debug|Any CPU.Build.0 = Debug|Any CPU
		{3A70903A-83E3-4CDB-A939-6BC77802925A}.Release|Any CPU.ActiveCfg = Release|Any CPU
		{3A70903A-83E3-4CDB-A939-6BC77802925A}.Release|Any CPU.Build.0 = Release|Any CPU
		{B71F9D22-5829-4D74-8BCF-A7EFE9A6A9E9}.Debug|Any CPU.ActiveCfg = Debug|Any CPU
		{B71F9D22-5829-4D74-8BCF-A7EFE9A6A9E9}.Debug|Any CPU.Build.0 = Debug|Any CPU
		{B71F9D22-5829-4D74-8BCF-A7EFE9A6A9E9}.Release|Any CPU.ActiveCfg = Release|Any CPU
		{B71F9D22-5829-4D74-8BCF-A7EFE9A6A9E9}.Release|Any CPU.Build.0 = Release|Any CPU
		{FF33E261-6F73-48E2-BF43-87AD0BD6A42B}.Debug|Any CPU.ActiveCfg = Debug|Any CPU
		{FF33E261-6F73-48E2-BF43-87AD0BD6A42B}.Debug|Any CPU.Build.0 = Debug|Any CPU
		{FF33E261-6F73-48E2-BF43-87AD0BD6A42B}.Release|Any CPU.ActiveCfg = Release|Any CPU
		{FF33E261-6F73-48E2-BF43-87AD0BD6A42B}.Release|Any CPU.Build.0 = Release|Any CPU
		{1A972F5C-46C0-4533-862C-20A67AC09DC1}.Debug|Any CPU.ActiveCfg = Debug|Any CPU
		{1A972F5C-46C0-4533-862C-20A67AC09DC1}.Debug|Any CPU.Build.0 = Debug|Any CPU
		{1A972F5C-46C0-4533-862C-20A67AC09DC1}.Release|Any CPU.ActiveCfg = Release|Any CPU
		{1A972F5C-46C0-4533-862C-20A67AC09DC1}.Release|Any CPU.Build.0 = Release|Any CPU
		{3A5EF060-0EF0-47DA-86EA-920C08F7CDA1}.Debug|Any CPU.ActiveCfg = Debug|Any CPU
		{3A5EF060-0EF0-47DA-86EA-920C08F7CDA1}.Debug|Any CPU.Build.0 = Debug|Any CPU
		{3A5EF060-0EF0-47DA-86EA-920C08F7CDA1}.Release|Any CPU.ActiveCfg = Release|Any CPU
		{3A5EF060-0EF0-47DA-86EA-920C08F7CDA1}.Release|Any CPU.Build.0 = Release|Any CPU
		{D27A3D08-55A1-4A90-AC6B-A43FB2117FC8}.Debug|Any CPU.ActiveCfg = Debug|Any CPU
		{D27A3D08-55A1-4A90-AC6B-A43FB2117FC8}.Debug|Any CPU.Build.0 = Debug|Any CPU
		{D27A3D08-55A1-4A90-AC6B-A43FB2117FC8}.Release|Any CPU.ActiveCfg = Release|Any CPU
		{D27A3D08-55A1-4A90-AC6B-A43FB2117FC8}.Release|Any CPU.Build.0 = Release|Any CPU
		{F52727E3-C0BE-4BA4-B429-B696FA8588A5}.Debug|Any CPU.ActiveCfg = Debug|Any CPU
		{F52727E3-C0BE-4BA4-B429-B696FA8588A5}.Debug|Any CPU.Build.0 = Debug|Any CPU
		{F52727E3-C0BE-4BA4-B429-B696FA8588A5}.Release|Any CPU.ActiveCfg = Release|Any CPU
		{F52727E3-C0BE-4BA4-B429-B696FA8588A5}.Release|Any CPU.Build.0 = Release|Any CPU
	EndGlobalSection
	GlobalSection(NestedProjects) = preSolution
		{8553BE1A-BD9F-4C84-B8D1-D161D05CCE4B} = {93E83C22-8EFD-492C-B3D2-5439EF5CF7D2}
		{67140359-5C03-4DCC-B08B-A2715EECD9EA} = {93E83C22-8EFD-492C-B3D2-5439EF5CF7D2}
		{E5C8FFF3-1FAA-4B75-A3EF-46AAA58B9161} = {93E83C22-8EFD-492C-B3D2-5439EF5CF7D2}
		{0EB34B82-3F53-4CAF-9FDE-D8C9AD993C38} = {65CD539F-1A1C-4502-B77F-CCDBBDA2D6C7}
		{F0053A22-CF95-49EF-8D74-19E67BFDAC61} = {93E83C22-8EFD-492C-B3D2-5439EF5CF7D2}
		{87F1B824-128E-4FFA-BF74-E6280450D7C1} = {93E83C22-8EFD-492C-B3D2-5439EF5CF7D2}
		{3192EEAB-6BEC-43EB-BE1E-4B03CABB70CD} = {93E83C22-8EFD-492C-B3D2-5439EF5CF7D2}
		{6713822C-C9E2-4A8F-BF35-BC812D25E857} = {93E83C22-8EFD-492C-B3D2-5439EF5CF7D2}
		{3A70903A-83E3-4CDB-A939-6BC77802925A} = {93E83C22-8EFD-492C-B3D2-5439EF5CF7D2}
		{B71F9D22-5829-4D74-8BCF-A7EFE9A6A9E9} = {0039FF79-47A4-49E7-A064-20A4590291BD}
		{FF33E261-6F73-48E2-BF43-87AD0BD6A42B} = {A4912989-60EF-4AC1-B7C0-0671F95EDE49}
		{3A5EF060-0EF0-47DA-86EA-920C08F7CDA1} = {E570ACC0-FDA2-4020-B151-41187CCC3D5A}
		{D27A3D08-55A1-4A90-AC6B-A43FB2117FC8} = {E570ACC0-FDA2-4020-B151-41187CCC3D5A}
		{F52727E3-C0BE-4BA4-B429-B696FA8588A5} = {E570ACC0-FDA2-4020-B151-41187CCC3D5A}
	EndGlobalSection
EndGlobal
